// !$*UTF8*$!
{
	archiveVersion = 1;
	classes = {
	};
	objectVersion = 55;
	objects = {

/* Begin PBXBuildFile section */
		DA80078427EB602B00D01918 /* Lecture.c in Sources */ = {isa = PBXBuildFile; fileRef = DA80078327EB602B00D01918 /* Lecture.c */; };
		DA80078827EB63E300D01918 /* Affichage.c in Sources */ = {isa = PBXBuildFile; fileRef = DA80078727EB63E300D01918 /* Affichage.c */; };
		DA80078B27EB6A8A00D01918 /* Initialisation.c in Sources */ = {isa = PBXBuildFile; fileRef = DA80078A27EB6A8A00D01918 /* Initialisation.c */; };
		DA80078E27EB6F6600D01918 /* Remplissage.c in Sources */ = {isa = PBXBuildFile; fileRef = DA80078D27EB6F6600D01918 /* Remplissage.c */; };
		DA80079127EC8AE500D01918 /* Verifications.c in Sources */ = {isa = PBXBuildFile; fileRef = DA80079027EC8AE500D01918 /* Verifications.c */; };
		DAA544AF27C1588B00EAA374 /* main.c in Sources */ = {isa = PBXBuildFile; fileRef = DAA544AE27C1588B00EAA374 /* main.c */; };
/* End PBXBuildFile section */

/* Begin PBXCopyFilesBuildPhase section */
		DAA544A927C1588A00EAA374 /* CopyFiles */ = {
			isa = PBXCopyFilesBuildPhase;
			buildActionMask = 2147483647;
			dstPath = /usr/share/man/man1/;
			dstSubfolderSpec = 0;
			files = (
			);
			runOnlyForDeploymentPostprocessing = 1;
		};
/* End PBXCopyFilesBuildPhase section */

/* Begin PBXFileReference section */
		DA80078227EB602B00D01918 /* Lecture.h */ = {isa = PBXFileReference; lastKnownFileType = sourcecode.c.h; path = Lecture.h; sourceTree = "<group>"; };
		DA80078327EB602B00D01918 /* Lecture.c */ = {isa = PBXFileReference; lastKnownFileType = sourcecode.c.c; path = Lecture.c; sourceTree = "<group>"; };
		DA80078527EB620F00D01918 /* main.h */ = {isa = PBXFileReference; lastKnownFileType = sourcecode.c.h; path = main.h; sourceTree = "<group>"; };
		DA80078627EB63E300D01918 /* Affichage.h */ = {isa = PBXFileReference; lastKnownFileType = sourcecode.c.h; path = Affichage.h; sourceTree = "<group>"; };
		DA80078727EB63E300D01918 /* Affichage.c */ = {isa = PBXFileReference; lastKnownFileType = sourcecode.c.c; path = Affichage.c; sourceTree = "<group>"; };
		DA80078927EB6A8A00D01918 /* Initialisation.h */ = {isa = PBXFileReference; lastKnownFileType = sourcecode.c.h; path = Initialisation.h; sourceTree = "<group>"; };
		DA80078A27EB6A8A00D01918 /* Initialisation.c */ = {isa = PBXFileReference; lastKnownFileType = sourcecode.c.c; path = Initialisation.c; sourceTree = "<group>"; };
		DA80078C27EB6F6600D01918 /* Remplissage.h */ = {isa = PBXFileReference; lastKnownFileType = sourcecode.c.h; path = Remplissage.h; sourceTree = "<group>"; };
		DA80078D27EB6F6600D01918 /* Remplissage.c */ = {isa = PBXFileReference; lastKnownFileType = sourcecode.c.c; path = Remplissage.c; sourceTree = "<group>"; };
		DA80078F27EC8AE500D01918 /* Verifications.h */ = {isa = PBXFileReference; lastKnownFileType = sourcecode.c.h; path = Verifications.h; sourceTree = "<group>"; };
		DA80079027EC8AE500D01918 /* Verifications.c */ = {isa = PBXFileReference; lastKnownFileType = sourcecode.c.c; path = Verifications.c; sourceTree = "<group>"; };
		DAA544AB27C1588A00EAA374 /* Graphes */ = {isa = PBXFileReference; explicitFileType = "compiled.mach-o.executable"; includeInIndex = 0; path = Graphes; sourceTree = BUILT_PRODUCTS_DIR; };
		DAA544AE27C1588B00EAA374 /* main.c */ = {isa = PBXFileReference; lastKnownFileType = sourcecode.c.c; path = main.c; sourceTree = "<group>"; };
/* End PBXFileReference section */

/* Begin PBXFrameworksBuildPhase section */
		DAA544A827C1588A00EAA374 /* Frameworks */ = {
			isa = PBXFrameworksBuildPhase;
			buildActionMask = 2147483647;
			files = (
			);
			runOnlyForDeploymentPostprocessing = 0;
		};
/* End PBXFrameworksBuildPhase section */

/* Begin PBXGroup section */
		DAA544A227C1588A00EAA374 = {
			isa = PBXGroup;
			children = (
				DAA544AD27C1588A00EAA374 /* Graphes */,
				DAA544AC27C1588A00EAA374 /* Products */,
			);
			sourceTree = "<group>";
		};
		DAA544AC27C1588A00EAA374 /* Products */ = {
			isa = PBXGroup;
			children = (
				DAA544AB27C1588A00EAA374 /* Graphes */,
			);
			name = Products;
			sourceTree = "<group>";
		};
		DAA544AD27C1588A00EAA374 /* Graphes */ = {
			isa = PBXGroup;
			children = (
				DAA544AE27C1588B00EAA374 /* main.c */,
				DA80078527EB620F00D01918 /* main.h */,
				DA80078327EB602B00D01918 /* Lecture.c */,
				DA80078227EB602B00D01918 /* Lecture.h */,
				DA80078727EB63E300D01918 /* Affichage.c */,
				DA80078627EB63E300D01918 /* Affichage.h */,
				DA80078A27EB6A8A00D01918 /* Initialisation.c */,
				DA80078927EB6A8A00D01918 /* Initialisation.h */,
				DA80078D27EB6F6600D01918 /* Remplissage.c */,
				DA80078C27EB6F6600D01918 /* Remplissage.h */,
				DA80079027EC8AE500D01918 /* Verifications.c */,
				DA80078F27EC8AE500D01918 /* Verifications.h */,
			);
			path = Graphes;
			sourceTree = "<group>";
		};
/* End PBXGroup section */

/* Begin PBXNativeTarget section */
		DAA544AA27C1588A00EAA374 /* Graphes */ = {
			isa = PBXNativeTarget;
			buildConfigurationList = DAA544B227C1588B00EAA374 /* Build configuration list for PBXNativeTarget "Graphes" */;
			buildPhases = (
				DAA544A727C1588A00EAA374 /* Sources */,
				DAA544A827C1588A00EAA374 /* Frameworks */,
				DAA544A927C1588A00EAA374 /* CopyFiles */,
			);
			buildRules = (
			);
			dependencies = (
			);
			name = Graphes;
			productName = Graphes;
			productReference = DAA544AB27C1588A00EAA374 /* Graphes */;
			productType = "com.apple.product-type.tool";
		};
/* End PBXNativeTarget section */

/* Begin PBXProject section */
		DAA544A327C1588A00EAA374 /* Project object */ = {
			isa = PBXProject;
			attributes = {
				BuildIndependentTargetsInParallel = 1;
				LastUpgradeCheck = 1320;
				TargetAttributes = {
					DAA544AA27C1588A00EAA374 = {
						CreatedOnToolsVersion = 13.2.1;
					};
				};
			};
			buildConfigurationList = DAA544A627C1588A00EAA374 /* Build configuration list for PBXProject "Graphes" */;
			compatibilityVersion = "Xcode 13.0";
			developmentRegion = en;
			hasScannedForEncodings = 0;
			knownRegions = (
				en,
				Base,
			);
			mainGroup = DAA544A227C1588A00EAA374;
			productRefGroup = DAA544AC27C1588A00EAA374 /* Products */;
			projectDirPath = "";
			projectRoot = "";
			targets = (
				DAA544AA27C1588A00EAA374 /* Graphes */,
			);
		};
/* End PBXProject section */

/* Begin PBXSourcesBuildPhase section */
		DAA544A727C1588A00EAA374 /* Sources */ = {
			isa = PBXSourcesBuildPhase;
			buildActionMask = 2147483647;
			files = (
				DA80079127EC8AE500D01918 /* Verifications.c in Sources */,
				DA80078427EB602B00D01918 /* Lecture.c in Sources */,
				DAA544AF27C1588B00EAA374 /* main.c in Sources */,
				DA80078B27EB6A8A00D01918 /* Initialisation.c in Sources */,
				DA80078E27EB6F6600D01918 /* Remplissage.c in Sources */,
				DA80078827EB63E300D01918 /* Affichage.c in Sources */,
			);
			runOnlyForDeploymentPostprocessing = 0;
		};
/* End PBXSourcesBuildPhase section */

/* Begin XCBuildConfiguration section */
		DAA544B027C1588B00EAA374 /* Debug */ = {
			isa = XCBuildConfiguration;
			buildSettings = {
				ALWAYS_SEARCH_USER_PATHS = NO;
				CLANG_ANALYZER_NONNULL = YES;
				CLANG_ANALYZER_NUMBER_OBJECT_CONVERSION = YES_AGGRESSIVE;
				CLANG_CXX_LANGUAGE_STANDARD = "gnu++17";
				CLANG_CXX_LIBRARY = "libc++";
				CLANG_ENABLE_MODULES = YES;
				CLANG_ENABLE_OBJC_ARC = YES;
				CLANG_ENABLE_OBJC_WEAK = YES;
				CLANG_WARN_BLOCK_CAPTURE_AUTORELEASING = YES;
				CLANG_WARN_BOOL_CONVERSION = YES;
				CLANG_WARN_COMMA = YES;
				CLANG_WARN_CONSTANT_CONVERSION = YES;
				CLANG_WARN_DEPRECATED_OBJC_IMPLEMENTATIONS = YES;
				CLANG_WARN_DIRECT_OBJC_ISA_USAGE = YES_ERROR;
				CLANG_WARN_DOCUMENTATION_COMMENTS = YES;
				CLANG_WARN_EMPTY_BODY = YES;
				CLANG_WARN_ENUM_CONVERSION = YES;
				CLANG_WARN_INFINITE_RECURSION = YES;
				CLANG_WARN_INT_CONVERSION = YES;
				CLANG_WARN_NON_LITERAL_NULL_CONVERSION = YES;
				CLANG_WARN_OBJC_IMPLICIT_RETAIN_SELF = YES;
				CLANG_WARN_OBJC_LITERAL_CONVERSION = YES;
				CLANG_WARN_OBJC_ROOT_CLASS = YES_ERROR;
				CLANG_WARN_QUOTED_INCLUDE_IN_FRAMEWORK_HEADER = YES;
				CLANG_WARN_RANGE_LOOP_ANALYSIS = YES;
				CLANG_WARN_STRICT_PROTOTYPES = YES;
				CLANG_WARN_SUSPICIOUS_MOVE = YES;
				CLANG_WARN_UNGUARDED_AVAILABILITY = YES_AGGRESSIVE;
				CLANG_WARN_UNREACHABLE_CODE = YES;
				CLANG_WARN__DUPLICATE_METHOD_MATCH = YES;
				COPY_PHASE_STRIP = NO;
				DEBUG_INFORMATION_FORMAT = dwarf;
				ENABLE_STRICT_OBJC_MSGSEND = YES;
				ENABLE_TESTABILITY = YES;
				GCC_C_LANGUAGE_STANDARD = gnu11;
				GCC_DYNAMIC_NO_PIC = NO;
				GCC_NO_COMMON_BLOCKS = YES;
				GCC_OPTIMIZATION_LEVEL = 0;
				GCC_PREPROCESSOR_DEFINITIONS = (
					"DEBUG=1",
					"$(inherited)",
				);
				GCC_WARN_64_TO_32_BIT_CONVERSION = YES;
				GCC_WARN_ABOUT_RETURN_TYPE = YES_ERROR;
				GCC_WARN_UNDECLARED_SELECTOR = YES;
				GCC_WARN_UNINITIALIZED_AUTOS = YES_AGGRESSIVE;
				GCC_WARN_UNUSED_FUNCTION = YES;
				GCC_WARN_UNUSED_VARIABLE = YES;
				MACOSX_DEPLOYMENT_TARGET = 12.1;
				MTL_ENABLE_DEBUG_INFO = INCLUDE_SOURCE;
				MTL_FAST_MATH = YES;
				ONLY_ACTIVE_ARCH = YES;
				SDKROOT = macosx;
			};
			name = Debug;
		};
		DAA544B127C1588B00EAA374 /* Release */ = {
			isa = XCBuildConfiguration;
			buildSettings = {
				ALWAYS_SEARCH_USER_PATHS = NO;
				CLANG_ANALYZER_NONNULL = YES;
				CLANG_ANALYZER_NUMBER_OBJECT_CONVERSION = YES_AGGRESSIVE;
				CLANG_CXX_LANGUAGE_STANDARD = "gnu++17";
				CLANG_CXX_LIBRARY = "libc++";
				CLANG_ENABLE_MODULES = YES;
				CLANG_ENABLE_OBJC_ARC = YES;
				CLANG_ENABLE_OBJC_WEAK = YES;
				CLANG_WARN_BLOCK_CAPTURE_AUTORELEASING = YES;
				CLANG_WARN_BOOL_CONVERSION = YES;
				CLANG_WARN_COMMA = YES;
				CLANG_WARN_CONSTANT_CONVERSION = YES;
				CLANG_WARN_DEPRECATED_OBJC_IMPLEMENTATIONS = YES;
				CLANG_WARN_DIRECT_OBJC_ISA_USAGE = YES_ERROR;
				CLANG_WARN_DOCUMENTATION_COMMENTS = YES;
				CLANG_WARN_EMPTY_BODY = YES;
				CLANG_WARN_ENUM_CONVERSION = YES;
				CLANG_WARN_INFINITE_RECURSION = YES;
				CLANG_WARN_INT_CONVERSION = YES;
				CLANG_WARN_NON_LITERAL_NULL_CONVERSION = YES;
				CLANG_WARN_OBJC_IMPLICIT_RETAIN_SELF = YES;
				CLANG_WARN_OBJC_LITERAL_CONVERSION = YES;
				CLANG_WARN_OBJC_ROOT_CLASS = YES_ERROR;
				CLANG_WARN_QUOTED_INCLUDE_IN_FRAMEWORK_HEADER = YES;
				CLANG_WARN_RANGE_LOOP_ANALYSIS = YES;
				CLANG_WARN_STRICT_PROTOTYPES = YES;
				CLANG_WARN_SUSPICIOUS_MOVE = YES;
				CLANG_WARN_UNGUARDED_AVAILABILITY = YES_AGGRESSIVE;
				CLANG_WARN_UNREACHABLE_CODE = YES;
				CLANG_WARN__DUPLICATE_METHOD_MATCH = YES;
				COPY_PHASE_STRIP = NO;
				DEBUG_INFORMATION_FORMAT = "dwarf-with-dsym";
				ENABLE_NS_ASSERTIONS = NO;
				ENABLE_STRICT_OBJC_MSGSEND = YES;
				GCC_C_LANGUAGE_STANDARD = gnu11;
				GCC_NO_COMMON_BLOCKS = YES;
				GCC_WARN_64_TO_32_BIT_CONVERSION = YES;
				GCC_WARN_ABOUT_RETURN_TYPE = YES_ERROR;
				GCC_WARN_UNDECLARED_SELECTOR = YES;
				GCC_WARN_UNINITIALIZED_AUTOS = YES_AGGRESSIVE;
				GCC_WARN_UNUSED_FUNCTION = YES;
				GCC_WARN_UNUSED_VARIABLE = YES;
				MACOSX_DEPLOYMENT_TARGET = 12.1;
				MTL_ENABLE_DEBUG_INFO = NO;
				MTL_FAST_MATH = YES;
				SDKROOT = macosx;
			};
			name = Release;
		};
		DAA544B327C1588B00EAA374 /* Debug */ = {
			isa = XCBuildConfiguration;
			buildSettings = {
				CODE_SIGN_STYLE = Automatic;
				DEVELOPMENT_TEAM = R8C95565AJ;
				ENABLE_HARDENED_RUNTIME = YES;
				PRODUCT_NAME = "$(TARGET_NAME)";
			};
			name = Debug;
		};
		DAA544B427C1588B00EAA374 /* Release */ = {
			isa = XCBuildConfiguration;
			buildSettings = {
				CODE_SIGN_STYLE = Automatic;
				DEVELOPMENT_TEAM = R8C95565AJ;
				ENABLE_HARDENED_RUNTIME = YES;
				PRODUCT_NAME = "$(TARGET_NAME)";
			};
			name = Release;
		};
/* End XCBuildConfiguration section */

/* Begin XCConfigurationList section */
		DAA544A627C1588A00EAA374 /* Build configuration list for PBXProject "Graphes" */ = {
			isa = XCConfigurationList;
			buildConfigurations = (
				DAA544B027C1588B00EAA374 /* Debug */,
				DAA544B127C1588B00EAA374 /* Release */,
			);
			defaultConfigurationIsVisible = 0;
			defaultConfigurationName = Release;
		};
		DAA544B227C1588B00EAA374 /* Build configuration list for PBXNativeTarget "Graphes" */ = {
			isa = XCConfigurationList;
			buildConfigurations = (
				DAA544B327C1588B00EAA374 /* Debug */,
				DAA544B427C1588B00EAA374 /* Release */,
			);
			defaultConfigurationIsVisible = 0;
			defaultConfigurationName = Release;
		};
/* End XCConfigurationList section */
	};
	rootObject = DAA544A327C1588A00EAA374 /* Project object */;
}
